
Microsoft Visual Studio Solution File, Format Version 12.00
# Visual Studio Version 17
VisualStudioVersion = 17.5.33530.505
MinimumVisualStudioVersion = 10.0.40219.1
Project("{FAE04EC0-301F-11D3-BF4B-00C04F79EFBC}") = "Enversoft_Exercise2.Test", "Enversoft_Exercise2.Test\Enversoft_Exercise2.Test.csproj", "{CD8308B8-FFD4-4640-BA10-257E920EEB6C}"
EndProject
Project("{FAE04EC0-301F-11D3-BF4B-00C04F79EFBC}") = "Enversoft_Exercise2.Software", "Enversoft_Exercise2.Software\Enversoft_Exercise2.Software.csproj", "{432B9D69-F4F2-4FC8-83B3-3833FD9BD221}"
EndProject
Global
	GlobalSection(SolutionConfigurationPlatforms) = preSolution
		Debug|Any CPU = Debug|Any CPU
		Release|Any CPU = Release|Any CPU
	EndGlobalSection
	GlobalSection(ProjectConfigurationPlatforms) = postSolution
		{CD8308B8-FFD4-4640-BA10-257E920EEB6C}.Debug|Any CPU.ActiveCfg = Debug|Any CPU
		{CD8308B8-FFD4-4640-BA10-257E920EEB6C}.Debug|Any CPU.Build.0 = Debug|Any CPU
		{CD8308B8-FFD4-4640-BA10-257E920EEB6C}.Release|Any CPU.ActiveCfg = Release|Any CPU
		{CD8308B8-FFD4-4640-BA10-257E920EEB6C}.Release|Any CPU.Build.0 = Release|Any CPU
		{432B9D69-F4F2-4FC8-83B3-3833FD9BD221}.Debug|Any CPU.ActiveCfg = Debug|Any CPU
		{432B9D69-F4F2-4FC8-83B3-3833FD9BD221}.Debug|Any CPU.Build.0 = Debug|Any CPU
		{432B9D69-F4F2-4FC8-83B3-3833FD9BD221}.Release|Any CPU.ActiveCfg = Release|Any CPU
		{432B9D69-F4F2-4FC8-83B3-3833FD9BD221}.Release|Any CPU.Build.0 = Release|Any CPU
	EndGlobalSection
	GlobalSection(SolutionProperties) = preSolution
		HideSolutionNode = FALSE
	EndGlobalSection
	GlobalSection(ExtensibilityGlobals) = postSolution
		SolutionGuid = {606238B6-1D00-4913-AA17-C688F48B4FD8}
	EndGlobalSection
EndGlobal
